// !$*UTF8*$!
{
	archiveVersion = 1;
	classes = {
	};
	objectVersion = 51;
	objects = {

/* Begin PBXBuildFile section */
		3006076825C5DF8A00887DF5 /* Amount.swift in Sources */ = {isa = PBXBuildFile; fileRef = 3006075D25C5DF8A00887DF5 /* Amount.swift */; };
		3006076925C5DF8A00887DF5 /* Fermentation.swift in Sources */ = {isa = PBXBuildFile; fileRef = 3006075E25C5DF8A00887DF5 /* Fermentation.swift */; };
		3006076A25C5DF8A00887DF5 /* Boil_volume.swift in Sources */ = {isa = PBXBuildFile; fileRef = 3006075F25C5DF8A00887DF5 /* Boil_volume.swift */; };
		3006076B25C5DF8A00887DF5 /* Hops.swift in Sources */ = {isa = PBXBuildFile; fileRef = 3006076025C5DF8A00887DF5 /* Hops.swift */; };
		3006076C25C5DF8A00887DF5 /* Temp.swift in Sources */ = {isa = PBXBuildFile; fileRef = 3006076125C5DF8A00887DF5 /* Temp.swift */; };
		3006076D25C5DF8A00887DF5 /* Mash_temp.swift in Sources */ = {isa = PBXBuildFile; fileRef = 3006076225C5DF8A00887DF5 /* Mash_temp.swift */; };
		3006076F25C5DF8A00887DF5 /* Malt.swift in Sources */ = {isa = PBXBuildFile; fileRef = 3006076425C5DF8A00887DF5 /* Malt.swift */; };
		3006077025C5DF8A00887DF5 /* Method.swift in Sources */ = {isa = PBXBuildFile; fileRef = 3006076525C5DF8A00887DF5 /* Method.swift */; };
		3006077125C5DF8A00887DF5 /* Volume.swift in Sources */ = {isa = PBXBuildFile; fileRef = 3006076625C5DF8A00887DF5 /* Volume.swift */; };
		3006077225C5DF8A00887DF5 /* Ingredients.swift in Sources */ = {isa = PBXBuildFile; fileRef = 3006076725C5DF8A00887DF5 /* Ingredients.swift */; };
		3006077A25C5E08F00887DF5 /* Beers.swift in Sources */ = {isa = PBXBuildFile; fileRef = 3006077925C5E08F00887DF5 /* Beers.swift */; };
		300607CD25C6309A00887DF5 /* Beer.swift in Sources */ = {isa = PBXBuildFile; fileRef = 300607CC25C6309A00887DF5 /* Beer.swift */; };
		3098BE2025C29E2C001C1E7D /* BeerListAssembler.swift in Sources */ = {isa = PBXBuildFile; fileRef = 3098BE1F25C29E2C001C1E7D /* BeerListAssembler.swift */; };
		3098BE2525C2A3B5001C1E7D /* BeerDetailAssembler.swift in Sources */ = {isa = PBXBuildFile; fileRef = 3098BE2425C2A3B5001C1E7D /* BeerDetailAssembler.swift */; };
		3098BE9725C2EFB9001C1E7D /* RepoContainer.swift in Sources */ = {isa = PBXBuildFile; fileRef = 3098BE9625C2EFB9001C1E7D /* RepoContainer.swift */; };
		30AB6908230BE45B00F6E442 /* AppDelegate.swift in Sources */ = {isa = PBXBuildFile; fileRef = 30AB6907230BE45B00F6E442 /* AppDelegate.swift */; };
		30AB690A230BE45B00F6E442 /* BeerListViewController.swift in Sources */ = {isa = PBXBuildFile; fileRef = 30AB6909230BE45B00F6E442 /* BeerListViewController.swift */; };
		30AB690F230BE45D00F6E442 /* Assets.xcassets in Resources */ = {isa = PBXBuildFile; fileRef = 30AB690E230BE45D00F6E442 /* Assets.xcassets */; };
		30AB6912230BE45D00F6E442 /* LaunchScreen.storyboard in Resources */ = {isa = PBXBuildFile; fileRef = 30AB6910230BE45D00F6E442 /* LaunchScreen.storyboard */; };
		30AB691D230BE45D00F6E442 /* TheBeerProjectTests.swift in Sources */ = {isa = PBXBuildFile; fileRef = 30AB691C230BE45D00F6E442 /* TheBeerProjectTests.swift */; };
		30AB6928230BE45D00F6E442 /* TheBeerProjectUITests.swift in Sources */ = {isa = PBXBuildFile; fileRef = 30AB6927230BE45D00F6E442 /* TheBeerProjectUITests.swift */; };
		30AB6936230BE4D800F6E442 /* NetworkManager.swift in Sources */ = {isa = PBXBuildFile; fileRef = 30AB6935230BE4D800F6E442 /* NetworkManager.swift */; };
		30AB694F230BE61900F6E442 /* API.swift in Sources */ = {isa = PBXBuildFile; fileRef = 30AB694E230BE61900F6E442 /* API.swift */; };
		30AB6952230BEF7F00F6E442 /* BeerTableViewCell.swift in Sources */ = {isa = PBXBuildFile; fileRef = 30AB6951230BEF7F00F6E442 /* BeerTableViewCell.swift */; };
		30AB6954230BEFAF00F6E442 /* BeerListPresenter.swift in Sources */ = {isa = PBXBuildFile; fileRef = 30AB6953230BEFAF00F6E442 /* BeerListPresenter.swift */; };
		30AB6956230BF9EE00F6E442 /* Utils.swift in Sources */ = {isa = PBXBuildFile; fileRef = 30AB6955230BF9EE00F6E442 /* Utils.swift */; };
		30AB695A230BFEF000F6E442 /* BeerDetailViewController.swift in Sources */ = {isa = PBXBuildFile; fileRef = 30AB6959230BFEF000F6E442 /* BeerDetailViewController.swift */; };
		30AB695F230C17AF00F6E442 /* HeaderSectionViewController.swift in Sources */ = {isa = PBXBuildFile; fileRef = 30AB695E230C17AF00F6E442 /* HeaderSectionViewController.swift */; };
		30AB6961230C1A6900F6E442 /* CategoryCollectionViewCell.swift in Sources */ = {isa = PBXBuildFile; fileRef = 30AB6960230C1A6900F6E442 /* CategoryCollectionViewCell.swift */; };
		30C219422588231500FC09A5 /* BeerDetailView.swift in Sources */ = {isa = PBXBuildFile; fileRef = 30C219412588231500FC09A5 /* BeerDetailView.swift */; };
		30C2194B2589141B00FC09A5 /* MainNavigationViewController.swift in Sources */ = {isa = PBXBuildFile; fileRef = 30C2194A2589141B00FC09A5 /* MainNavigationViewController.swift */; };
		30C21A54258CEC1400FC09A5 /* BeerRepo.swift in Sources */ = {isa = PBXBuildFile; fileRef = 30C21A53258CEC1400FC09A5 /* BeerRepo.swift */; };
		30C21A63258EB10A00FC09A5 /* BeerDetailPresenter.swift in Sources */ = {isa = PBXBuildFile; fileRef = 30C21A62258EB10A00FC09A5 /* BeerDetailPresenter.swift */; };
		30C21A68258F61D800FC09A5 /* BeerListTableViewCellPresenterDelegate.swift in Sources */ = {isa = PBXBuildFile; fileRef = 30C21A67258F61D800FC09A5 /* BeerListTableViewCellPresenterDelegate.swift */; };
		30C21A6D258F636A00FC09A5 /* HeaderCellPresenter.swift in Sources */ = {isa = PBXBuildFile; fileRef = 30C21A6C258F636A00FC09A5 /* HeaderCellPresenter.swift */; };
		4D5FB3C00DC2586EAA8919FC /* Pods_TheBeerProjectUITests.framework in Frameworks */ = {isa = PBXBuildFile; fileRef = F3D76C892610BC5E3F5ECAD2 /* Pods_TheBeerProjectUITests.framework */; };
		A17743DB3D3D56643506C1C9 /* Pods_TheBeerProject.framework in Frameworks */ = {isa = PBXBuildFile; fileRef = AB92B40E487D2D73FD18E53F /* Pods_TheBeerProject.framework */; };
		AC885F1F0E85B5E5B697EAE8 /* Pods_TheBeerProjectTests.framework in Frameworks */ = {isa = PBXBuildFile; fileRef = 9210256F44FCC8D97AC49DAE /* Pods_TheBeerProjectTests.framework */; };
/* End PBXBuildFile section */

/* Begin PBXContainerItemProxy section */
		30AB6919230BE45D00F6E442 /* PBXContainerItemProxy */ = {
			isa = PBXContainerItemProxy;
			containerPortal = 30AB68FC230BE45B00F6E442 /* Project object */;
			proxyType = 1;
			remoteGlobalIDString = 30AB6903230BE45B00F6E442;
			remoteInfo = TheBeerProject;
		};
		30AB6924230BE45D00F6E442 /* PBXContainerItemProxy */ = {
			isa = PBXContainerItemProxy;
			containerPortal = 30AB68FC230BE45B00F6E442 /* Project object */;
			proxyType = 1;
			remoteGlobalIDString = 30AB6903230BE45B00F6E442;
			remoteInfo = TheBeerProject;
		};
/* End PBXContainerItemProxy section */

/* Begin PBXFileReference section */
		00D6352720D8D59FC15AF860 /* Pods-TheBeerProjectTests.debug.xcconfig */ = {isa = PBXFileReference; includeInIndex = 1; lastKnownFileType = text.xcconfig; name = "Pods-TheBeerProjectTests.debug.xcconfig"; path = "Target Support Files/Pods-TheBeerProjectTests/Pods-TheBeerProjectTests.debug.xcconfig"; sourceTree = "<group>"; };
		241AB1777460EF0C3505CB66 /* Pods-TheBeerProjectUITests.debug.xcconfig */ = {isa = PBXFileReference; includeInIndex = 1; lastKnownFileType = text.xcconfig; name = "Pods-TheBeerProjectUITests.debug.xcconfig"; path = "Target Support Files/Pods-TheBeerProjectUITests/Pods-TheBeerProjectUITests.debug.xcconfig"; sourceTree = "<group>"; };
		3006075D25C5DF8A00887DF5 /* Amount.swift */ = {isa = PBXFileReference; fileEncoding = 4; lastKnownFileType = sourcecode.swift; path = Amount.swift; sourceTree = "<group>"; };
		3006075E25C5DF8A00887DF5 /* Fermentation.swift */ = {isa = PBXFileReference; fileEncoding = 4; lastKnownFileType = sourcecode.swift; path = Fermentation.swift; sourceTree = "<group>"; };
		3006075F25C5DF8A00887DF5 /* Boil_volume.swift */ = {isa = PBXFileReference; fileEncoding = 4; lastKnownFileType = sourcecode.swift; path = Boil_volume.swift; sourceTree = "<group>"; };
		3006076025C5DF8A00887DF5 /* Hops.swift */ = {isa = PBXFileReference; fileEncoding = 4; lastKnownFileType = sourcecode.swift; path = Hops.swift; sourceTree = "<group>"; };
		3006076125C5DF8A00887DF5 /* Temp.swift */ = {isa = PBXFileReference; fileEncoding = 4; lastKnownFileType = sourcecode.swift; path = Temp.swift; sourceTree = "<group>"; };
		3006076225C5DF8A00887DF5 /* Mash_temp.swift */ = {isa = PBXFileReference; fileEncoding = 4; lastKnownFileType = sourcecode.swift; path = Mash_temp.swift; sourceTree = "<group>"; };
		3006076425C5DF8A00887DF5 /* Malt.swift */ = {isa = PBXFileReference; fileEncoding = 4; lastKnownFileType = sourcecode.swift; path = Malt.swift; sourceTree = "<group>"; };
		3006076525C5DF8A00887DF5 /* Method.swift */ = {isa = PBXFileReference; fileEncoding = 4; lastKnownFileType = sourcecode.swift; path = Method.swift; sourceTree = "<group>"; };
		3006076625C5DF8A00887DF5 /* Volume.swift */ = {isa = PBXFileReference; fileEncoding = 4; lastKnownFileType = sourcecode.swift; path = Volume.swift; sourceTree = "<group>"; };
		3006076725C5DF8A00887DF5 /* Ingredients.swift */ = {isa = PBXFileReference; fileEncoding = 4; lastKnownFileType = sourcecode.swift; path = Ingredients.swift; sourceTree = "<group>"; };
		3006077925C5E08F00887DF5 /* Beers.swift */ = {isa = PBXFileReference; lastKnownFileType = sourcecode.swift; path = Beers.swift; sourceTree = "<group>"; };
		300607CC25C6309A00887DF5 /* Beer.swift */ = {isa = PBXFileReference; fileEncoding = 4; lastKnownFileType = sourcecode.swift; path = Beer.swift; sourceTree = "<group>"; };
		3098BE1F25C29E2C001C1E7D /* BeerListAssembler.swift */ = {isa = PBXFileReference; lastKnownFileType = sourcecode.swift; path = BeerListAssembler.swift; sourceTree = "<group>"; };
		3098BE2425C2A3B5001C1E7D /* BeerDetailAssembler.swift */ = {isa = PBXFileReference; lastKnownFileType = sourcecode.swift; path = BeerDetailAssembler.swift; sourceTree = "<group>"; };
		3098BE9625C2EFB9001C1E7D /* RepoContainer.swift */ = {isa = PBXFileReference; lastKnownFileType = sourcecode.swift; path = RepoContainer.swift; sourceTree = "<group>"; };
		30AB6904230BE45B00F6E442 /* TheBeerProject.app */ = {isa = PBXFileReference; explicitFileType = wrapper.application; includeInIndex = 0; path = TheBeerProject.app; sourceTree = BUILT_PRODUCTS_DIR; };
		30AB6907230BE45B00F6E442 /* AppDelegate.swift */ = {isa = PBXFileReference; lastKnownFileType = sourcecode.swift; path = AppDelegate.swift; sourceTree = "<group>"; };
		30AB6909230BE45B00F6E442 /* BeerListViewController.swift */ = {isa = PBXFileReference; lastKnownFileType = sourcecode.swift; path = BeerListViewController.swift; sourceTree = "<group>"; };
		30AB690E230BE45D00F6E442 /* Assets.xcassets */ = {isa = PBXFileReference; lastKnownFileType = folder.assetcatalog; path = Assets.xcassets; sourceTree = "<group>"; };
		30AB6911230BE45D00F6E442 /* Base */ = {isa = PBXFileReference; lastKnownFileType = file.storyboard; name = Base; path = Base.lproj/LaunchScreen.storyboard; sourceTree = "<group>"; };
		30AB6913230BE45D00F6E442 /* Info.plist */ = {isa = PBXFileReference; lastKnownFileType = text.plist.xml; path = Info.plist; sourceTree = "<group>"; };
		30AB6918230BE45D00F6E442 /* TheBeerProjectTests.xctest */ = {isa = PBXFileReference; explicitFileType = wrapper.cfbundle; includeInIndex = 0; path = TheBeerProjectTests.xctest; sourceTree = BUILT_PRODUCTS_DIR; };
		30AB691C230BE45D00F6E442 /* TheBeerProjectTests.swift */ = {isa = PBXFileReference; lastKnownFileType = sourcecode.swift; path = TheBeerProjectTests.swift; sourceTree = "<group>"; };
		30AB691E230BE45D00F6E442 /* Info.plist */ = {isa = PBXFileReference; lastKnownFileType = text.plist.xml; path = Info.plist; sourceTree = "<group>"; };
		30AB6923230BE45D00F6E442 /* TheBeerProjectUITests.xctest */ = {isa = PBXFileReference; explicitFileType = wrapper.cfbundle; includeInIndex = 0; path = TheBeerProjectUITests.xctest; sourceTree = BUILT_PRODUCTS_DIR; };
		30AB6927230BE45D00F6E442 /* TheBeerProjectUITests.swift */ = {isa = PBXFileReference; lastKnownFileType = sourcecode.swift; path = TheBeerProjectUITests.swift; sourceTree = "<group>"; };
		30AB6929230BE45D00F6E442 /* Info.plist */ = {isa = PBXFileReference; lastKnownFileType = text.plist.xml; path = Info.plist; sourceTree = "<group>"; };
		30AB6935230BE4D800F6E442 /* NetworkManager.swift */ = {isa = PBXFileReference; lastKnownFileType = sourcecode.swift; path = NetworkManager.swift; sourceTree = "<group>"; };
		30AB694E230BE61900F6E442 /* API.swift */ = {isa = PBXFileReference; lastKnownFileType = sourcecode.swift; path = API.swift; sourceTree = "<group>"; };
		30AB6951230BEF7F00F6E442 /* BeerTableViewCell.swift */ = {isa = PBXFileReference; lastKnownFileType = sourcecode.swift; path = BeerTableViewCell.swift; sourceTree = "<group>"; };
		30AB6953230BEFAF00F6E442 /* BeerListPresenter.swift */ = {isa = PBXFileReference; lastKnownFileType = sourcecode.swift; path = BeerListPresenter.swift; sourceTree = "<group>"; };
		30AB6955230BF9EE00F6E442 /* Utils.swift */ = {isa = PBXFileReference; lastKnownFileType = sourcecode.swift; path = Utils.swift; sourceTree = "<group>"; };
		30AB6959230BFEF000F6E442 /* BeerDetailViewController.swift */ = {isa = PBXFileReference; lastKnownFileType = sourcecode.swift; path = BeerDetailViewController.swift; sourceTree = "<group>"; };
		30AB695E230C17AF00F6E442 /* HeaderSectionViewController.swift */ = {isa = PBXFileReference; lastKnownFileType = sourcecode.swift; path = HeaderSectionViewController.swift; sourceTree = "<group>"; };
		30AB6960230C1A6900F6E442 /* CategoryCollectionViewCell.swift */ = {isa = PBXFileReference; lastKnownFileType = sourcecode.swift; path = CategoryCollectionViewCell.swift; sourceTree = "<group>"; };
		30C219412588231500FC09A5 /* BeerDetailView.swift */ = {isa = PBXFileReference; lastKnownFileType = sourcecode.swift; path = BeerDetailView.swift; sourceTree = "<group>"; };
		30C2194A2589141B00FC09A5 /* MainNavigationViewController.swift */ = {isa = PBXFileReference; lastKnownFileType = sourcecode.swift; path = MainNavigationViewController.swift; sourceTree = "<group>"; };
		30C21A53258CEC1400FC09A5 /* BeerRepo.swift */ = {isa = PBXFileReference; lastKnownFileType = sourcecode.swift; path = BeerRepo.swift; sourceTree = "<group>"; };
		30C21A62258EB10A00FC09A5 /* BeerDetailPresenter.swift */ = {isa = PBXFileReference; lastKnownFileType = sourcecode.swift; path = BeerDetailPresenter.swift; sourceTree = "<group>"; };
		30C21A67258F61D800FC09A5 /* BeerListTableViewCellPresenterDelegate.swift */ = {isa = PBXFileReference; lastKnownFileType = sourcecode.swift; path = BeerListTableViewCellPresenterDelegate.swift; sourceTree = "<group>"; };
		30C21A6C258F636A00FC09A5 /* HeaderCellPresenter.swift */ = {isa = PBXFileReference; lastKnownFileType = sourcecode.swift; path = HeaderCellPresenter.swift; sourceTree = "<group>"; };
		30F3669E2421678300835515 /* TheBeerProject.entitlements */ = {isa = PBXFileReference; lastKnownFileType = text.plist.entitlements; path = TheBeerProject.entitlements; sourceTree = "<group>"; };
		76EB40D3D8F8837279DD6042 /* Pods-TheBeerProject.debug.xcconfig */ = {isa = PBXFileReference; includeInIndex = 1; lastKnownFileType = text.xcconfig; name = "Pods-TheBeerProject.debug.xcconfig"; path = "Target Support Files/Pods-TheBeerProject/Pods-TheBeerProject.debug.xcconfig"; sourceTree = "<group>"; };
		8DF63E2D0B2D04717B3214E1 /* Pods-TheBeerProjectTests.release.xcconfig */ = {isa = PBXFileReference; includeInIndex = 1; lastKnownFileType = text.xcconfig; name = "Pods-TheBeerProjectTests.release.xcconfig"; path = "Target Support Files/Pods-TheBeerProjectTests/Pods-TheBeerProjectTests.release.xcconfig"; sourceTree = "<group>"; };
		9210256F44FCC8D97AC49DAE /* Pods_TheBeerProjectTests.framework */ = {isa = PBXFileReference; explicitFileType = wrapper.framework; includeInIndex = 0; path = Pods_TheBeerProjectTests.framework; sourceTree = BUILT_PRODUCTS_DIR; };
		AB92B40E487D2D73FD18E53F /* Pods_TheBeerProject.framework */ = {isa = PBXFileReference; explicitFileType = wrapper.framework; includeInIndex = 0; path = Pods_TheBeerProject.framework; sourceTree = BUILT_PRODUCTS_DIR; };
		AFE1AFE405B74517A91F0BC4 /* Pods-TheBeerProjectUITests.release.xcconfig */ = {isa = PBXFileReference; includeInIndex = 1; lastKnownFileType = text.xcconfig; name = "Pods-TheBeerProjectUITests.release.xcconfig"; path = "Target Support Files/Pods-TheBeerProjectUITests/Pods-TheBeerProjectUITests.release.xcconfig"; sourceTree = "<group>"; };
		CADCB2D2C097B9110DCC944C /* Pods-TheBeerProject.release.xcconfig */ = {isa = PBXFileReference; includeInIndex = 1; lastKnownFileType = text.xcconfig; name = "Pods-TheBeerProject.release.xcconfig"; path = "Target Support Files/Pods-TheBeerProject/Pods-TheBeerProject.release.xcconfig"; sourceTree = "<group>"; };
		F3D76C892610BC5E3F5ECAD2 /* Pods_TheBeerProjectUITests.framework */ = {isa = PBXFileReference; explicitFileType = wrapper.framework; includeInIndex = 0; path = Pods_TheBeerProjectUITests.framework; sourceTree = BUILT_PRODUCTS_DIR; };
/* End PBXFileReference section */

/* Begin PBXFrameworksBuildPhase section */
		30AB6901230BE45B00F6E442 /* Frameworks */ = {
			isa = PBXFrameworksBuildPhase;
			buildActionMask = 2147483647;
			files = (
				A17743DB3D3D56643506C1C9 /* Pods_TheBeerProject.framework in Frameworks */,
			);
			runOnlyForDeploymentPostprocessing = 0;
		};
		30AB6915230BE45D00F6E442 /* Frameworks */ = {
			isa = PBXFrameworksBuildPhase;
			buildActionMask = 2147483647;
			files = (
				AC885F1F0E85B5E5B697EAE8 /* Pods_TheBeerProjectTests.framework in Frameworks */,
			);
			runOnlyForDeploymentPostprocessing = 0;
		};
		30AB6920230BE45D00F6E442 /* Frameworks */ = {
			isa = PBXFrameworksBuildPhase;
			buildActionMask = 2147483647;
			files = (
				4D5FB3C00DC2586EAA8919FC /* Pods_TheBeerProjectUITests.framework in Frameworks */,
			);
			runOnlyForDeploymentPostprocessing = 0;
		};
/* End PBXFrameworksBuildPhase section */

/* Begin PBXGroup section */
		0C4A8CA4092C018D87FA11AA /* Frameworks */ = {
			isa = PBXGroup;
			children = (
				AB92B40E487D2D73FD18E53F /* Pods_TheBeerProject.framework */,
				9210256F44FCC8D97AC49DAE /* Pods_TheBeerProjectTests.framework */,
				F3D76C892610BC5E3F5ECAD2 /* Pods_TheBeerProjectUITests.framework */,
			);
			name = Frameworks;
			sourceTree = "<group>";
		};
		3006075C25C5DF8A00887DF5 /* Models */ = {
			isa = PBXGroup;
			children = (
				3006075D25C5DF8A00887DF5 /* Amount.swift */,
				3006075E25C5DF8A00887DF5 /* Fermentation.swift */,
				3006075F25C5DF8A00887DF5 /* Boil_volume.swift */,
				3006076025C5DF8A00887DF5 /* Hops.swift */,
				300607CC25C6309A00887DF5 /* Beer.swift */,
				3006076125C5DF8A00887DF5 /* Temp.swift */,
				3006076225C5DF8A00887DF5 /* Mash_temp.swift */,
				3006076425C5DF8A00887DF5 /* Malt.swift */,
				3006076525C5DF8A00887DF5 /* Method.swift */,
				3006076625C5DF8A00887DF5 /* Volume.swift */,
				3006076725C5DF8A00887DF5 /* Ingredients.swift */,
				3006077925C5E08F00887DF5 /* Beers.swift */,
			);
			path = Models;
			sourceTree = "<group>";
		};
		30AB68FB230BE45B00F6E442 = {
			isa = PBXGroup;
			children = (
				30AB6906230BE45B00F6E442 /* TheBeerProject */,
				30AB691B230BE45D00F6E442 /* TheBeerProjectTests */,
				30AB6926230BE45D00F6E442 /* TheBeerProjectUITests */,
				30AB6905230BE45B00F6E442 /* Products */,
				5E20E91D2D719187DC05CCEE /* Pods */,
				0C4A8CA4092C018D87FA11AA /* Frameworks */,
			);
			sourceTree = "<group>";
		};
		30AB6905230BE45B00F6E442 /* Products */ = {
			isa = PBXGroup;
			children = (
				30AB6904230BE45B00F6E442 /* TheBeerProject.app */,
				30AB6918230BE45D00F6E442 /* TheBeerProjectTests.xctest */,
				30AB6923230BE45D00F6E442 /* TheBeerProjectUITests.xctest */,
			);
			name = Products;
			sourceTree = "<group>";
		};
		30AB6906230BE45B00F6E442 /* TheBeerProject */ = {
			isa = PBXGroup;
			children = (
				30F3669E2421678300835515 /* TheBeerProject.entitlements */,
				30AB6907230BE45B00F6E442 /* AppDelegate.swift */,
				3006075C25C5DF8A00887DF5 /* Models */,
				30AB6950230BEE6600F6E442 /* Networking */,
				30AB6957230BF9F700F6E442 /* Utils */,
				30AB6958230BFDD700F6E442 /* BeerList */,
				30AB6962230C752F00F6E442 /* HeaderCategory */,
				30AB695D230C131400F6E442 /* Beer Detail */,
				30AB690E230BE45D00F6E442 /* Assets.xcassets */,
				30AB6910230BE45D00F6E442 /* LaunchScreen.storyboard */,
				30AB6913230BE45D00F6E442 /* Info.plist */,
				30C21A53258CEC1400FC09A5 /* BeerRepo.swift */,
				3098BE9625C2EFB9001C1E7D /* RepoContainer.swift */,
			);
			path = TheBeerProject;
			sourceTree = "<group>";
		};
		30AB691B230BE45D00F6E442 /* TheBeerProjectTests */ = {
			isa = PBXGroup;
			children = (
				30AB691C230BE45D00F6E442 /* TheBeerProjectTests.swift */,
				30AB691E230BE45D00F6E442 /* Info.plist */,
			);
			path = TheBeerProjectTests;
			sourceTree = "<group>";
		};
		30AB6926230BE45D00F6E442 /* TheBeerProjectUITests */ = {
			isa = PBXGroup;
			children = (
				30AB6927230BE45D00F6E442 /* TheBeerProjectUITests.swift */,
				30AB6929230BE45D00F6E442 /* Info.plist */,
			);
			path = TheBeerProjectUITests;
			sourceTree = "<group>";
		};
		30AB6950230BEE6600F6E442 /* Networking */ = {
			isa = PBXGroup;
			children = (
				30AB6935230BE4D800F6E442 /* NetworkManager.swift */,
				30AB694E230BE61900F6E442 /* API.swift */,
			);
			name = Networking;
			sourceTree = "<group>";
		};
		30AB6957230BF9F700F6E442 /* Utils */ = {
			isa = PBXGroup;
			children = (
				30AB6955230BF9EE00F6E442 /* Utils.swift */,
			);
			name = Utils;
			sourceTree = "<group>";
		};
		30AB6958230BFDD700F6E442 /* BeerList */ = {
			isa = PBXGroup;
			children = (
				30AB6909230BE45B00F6E442 /* BeerListViewController.swift */,
				30AB6953230BEFAF00F6E442 /* BeerListPresenter.swift */,
				30C21A67258F61D800FC09A5 /* BeerListTableViewCellPresenterDelegate.swift */,
				30AB6951230BEF7F00F6E442 /* BeerTableViewCell.swift */,
				30C2194A2589141B00FC09A5 /* MainNavigationViewController.swift */,
				3098BE1F25C29E2C001C1E7D /* BeerListAssembler.swift */,
			);
			name = BeerList;
			sourceTree = "<group>";
		};
		30AB695D230C131400F6E442 /* Beer Detail */ = {
			isa = PBXGroup;
			children = (
				30AB6959230BFEF000F6E442 /* BeerDetailViewController.swift */,
				30C219412588231500FC09A5 /* BeerDetailView.swift */,
				30C21A62258EB10A00FC09A5 /* BeerDetailPresenter.swift */,
				3098BE2425C2A3B5001C1E7D /* BeerDetailAssembler.swift */,
			);
			name = "Beer Detail";
			sourceTree = "<group>";
		};
		30AB6962230C752F00F6E442 /* HeaderCategory */ = {
			isa = PBXGroup;
			children = (
				30AB695E230C17AF00F6E442 /* HeaderSectionViewController.swift */,
				30C21A6C258F636A00FC09A5 /* HeaderCellPresenter.swift */,
				30AB6960230C1A6900F6E442 /* CategoryCollectionViewCell.swift */,
			);
			name = HeaderCategory;
			sourceTree = "<group>";
		};
		5E20E91D2D719187DC05CCEE /* Pods */ = {
			isa = PBXGroup;
			children = (
				76EB40D3D8F8837279DD6042 /* Pods-TheBeerProject.debug.xcconfig */,
				CADCB2D2C097B9110DCC944C /* Pods-TheBeerProject.release.xcconfig */,
				00D6352720D8D59FC15AF860 /* Pods-TheBeerProjectTests.debug.xcconfig */,
				8DF63E2D0B2D04717B3214E1 /* Pods-TheBeerProjectTests.release.xcconfig */,
				241AB1777460EF0C3505CB66 /* Pods-TheBeerProjectUITests.debug.xcconfig */,
				AFE1AFE405B74517A91F0BC4 /* Pods-TheBeerProjectUITests.release.xcconfig */,
			);
			path = Pods;
			sourceTree = "<group>";
		};
/* End PBXGroup section */

/* Begin PBXNativeTarget section */
		30AB6903230BE45B00F6E442 /* TheBeerProject */ = {
			isa = PBXNativeTarget;
			buildConfigurationList = 30AB692C230BE45D00F6E442 /* Build configuration list for PBXNativeTarget "TheBeerProject" */;
			buildPhases = (
				B2A4CCD7D013DA9DAE02A1B0 /* [CP] Check Pods Manifest.lock */,
				30AB6900230BE45B00F6E442 /* Sources */,
				30AB6901230BE45B00F6E442 /* Frameworks */,
				30AB6902230BE45B00F6E442 /* Resources */,
				D9F8341531E21D5E2F981537 /* [CP] Embed Pods Frameworks */,
			);
			buildRules = (
			);
			dependencies = (
			);
			name = TheBeerProject;
			productName = TheBeerProject;
			productReference = 30AB6904230BE45B00F6E442 /* TheBeerProject.app */;
			productType = "com.apple.product-type.application";
		};
		30AB6917230BE45D00F6E442 /* TheBeerProjectTests */ = {
			isa = PBXNativeTarget;
			buildConfigurationList = 30AB692F230BE45D00F6E442 /* Build configuration list for PBXNativeTarget "TheBeerProjectTests" */;
			buildPhases = (
				FA1FFBDC4A15007231123D50 /* [CP] Check Pods Manifest.lock */,
				30AB6914230BE45D00F6E442 /* Sources */,
				30AB6915230BE45D00F6E442 /* Frameworks */,
				30AB6916230BE45D00F6E442 /* Resources */,
			);
			buildRules = (
			);
			dependencies = (
				30AB691A230BE45D00F6E442 /* PBXTargetDependency */,
			);
			name = TheBeerProjectTests;
			productName = TheBeerProjectTests;
			productReference = 30AB6918230BE45D00F6E442 /* TheBeerProjectTests.xctest */;
			productType = "com.apple.product-type.bundle.unit-test";
		};
		30AB6922230BE45D00F6E442 /* TheBeerProjectUITests */ = {
			isa = PBXNativeTarget;
			buildConfigurationList = 30AB6932230BE45D00F6E442 /* Build configuration list for PBXNativeTarget "TheBeerProjectUITests" */;
			buildPhases = (
				9DF96E1F1A79E585A7496069 /* [CP] Check Pods Manifest.lock */,
				30AB691F230BE45D00F6E442 /* Sources */,
				30AB6920230BE45D00F6E442 /* Frameworks */,
				30AB6921230BE45D00F6E442 /* Resources */,
			);
			buildRules = (
			);
			dependencies = (
				30AB6925230BE45D00F6E442 /* PBXTargetDependency */,
			);
			name = TheBeerProjectUITests;
			productName = TheBeerProjectUITests;
			productReference = 30AB6923230BE45D00F6E442 /* TheBeerProjectUITests.xctest */;
			productType = "com.apple.product-type.bundle.ui-testing";
		};
/* End PBXNativeTarget section */

/* Begin PBXProject section */
		30AB68FC230BE45B00F6E442 /* Project object */ = {
			isa = PBXProject;
			attributes = {
				LastSwiftUpdateCheck = 1030;
				LastUpgradeCheck = 1030;
				ORGANIZATIONNAME = "Nunzio Giulio Caggegi";
				TargetAttributes = {
					30AB6903230BE45B00F6E442 = {
						CreatedOnToolsVersion = 10.3;
					};
					30AB6917230BE45D00F6E442 = {
						CreatedOnToolsVersion = 10.3;
						TestTargetID = 30AB6903230BE45B00F6E442;
					};
					30AB6922230BE45D00F6E442 = {
						CreatedOnToolsVersion = 10.3;
						TestTargetID = 30AB6903230BE45B00F6E442;
					};
				};
			};
			buildConfigurationList = 30AB68FF230BE45B00F6E442 /* Build configuration list for PBXProject "TheBeerProject" */;
			compatibilityVersion = "Xcode 9.3";
			developmentRegion = en;
			hasScannedForEncodings = 0;
			knownRegions = (
				en,
				Base,
			);
			mainGroup = 30AB68FB230BE45B00F6E442;
			productRefGroup = 30AB6905230BE45B00F6E442 /* Products */;
			projectDirPath = "";
			projectRoot = "";
			targets = (
				30AB6903230BE45B00F6E442 /* TheBeerProject */,
				30AB6917230BE45D00F6E442 /* TheBeerProjectTests */,
				30AB6922230BE45D00F6E442 /* TheBeerProjectUITests */,
			);
		};
/* End PBXProject section */

/* Begin PBXResourcesBuildPhase section */
		30AB6902230BE45B00F6E442 /* Resources */ = {
			isa = PBXResourcesBuildPhase;
			buildActionMask = 2147483647;
			files = (
				30AB6912230BE45D00F6E442 /* LaunchScreen.storyboard in Resources */,
				30AB690F230BE45D00F6E442 /* Assets.xcassets in Resources */,
			);
			runOnlyForDeploymentPostprocessing = 0;
		};
		30AB6916230BE45D00F6E442 /* Resources */ = {
			isa = PBXResourcesBuildPhase;
			buildActionMask = 2147483647;
			files = (
			);
			runOnlyForDeploymentPostprocessing = 0;
		};
		30AB6921230BE45D00F6E442 /* Resources */ = {
			isa = PBXResourcesBuildPhase;
			buildActionMask = 2147483647;
			files = (
			);
			runOnlyForDeploymentPostprocessing = 0;
		};
/* End PBXResourcesBuildPhase section */

/* Begin PBXShellScriptBuildPhase section */
		9DF96E1F1A79E585A7496069 /* [CP] Check Pods Manifest.lock */ = {
			isa = PBXShellScriptBuildPhase;
			buildActionMask = 2147483647;
			files = (
			);
			inputFileListPaths = (
			);
			inputPaths = (
				"${PODS_PODFILE_DIR_PATH}/Podfile.lock",
				"${PODS_ROOT}/Manifest.lock",
			);
			name = "[CP] Check Pods Manifest.lock";
			outputFileListPaths = (
			);
			outputPaths = (
				"$(DERIVED_FILE_DIR)/Pods-TheBeerProjectUITests-checkManifestLockResult.txt",
			);
			runOnlyForDeploymentPostprocessing = 0;
			shellPath = /bin/sh;
			shellScript = "diff \"${PODS_PODFILE_DIR_PATH}/Podfile.lock\" \"${PODS_ROOT}/Manifest.lock\" > /dev/null\nif [ $? != 0 ] ; then\n    # print error to STDERR\n    echo \"error: The sandbox is not in sync with the Podfile.lock. Run 'pod install' or update your CocoaPods installation.\" >&2\n    exit 1\nfi\n# This output is used by Xcode 'outputs' to avoid re-running this script phase.\necho \"SUCCESS\" > \"${SCRIPT_OUTPUT_FILE_0}\"\n";
			showEnvVarsInLog = 0;
		};
		B2A4CCD7D013DA9DAE02A1B0 /* [CP] Check Pods Manifest.lock */ = {
			isa = PBXShellScriptBuildPhase;
			buildActionMask = 2147483647;
			files = (
			);
			inputFileListPaths = (
			);
			inputPaths = (
				"${PODS_PODFILE_DIR_PATH}/Podfile.lock",
				"${PODS_ROOT}/Manifest.lock",
			);
			name = "[CP] Check Pods Manifest.lock";
			outputFileListPaths = (
			);
			outputPaths = (
				"$(DERIVED_FILE_DIR)/Pods-TheBeerProject-checkManifestLockResult.txt",
			);
			runOnlyForDeploymentPostprocessing = 0;
			shellPath = /bin/sh;
			shellScript = "diff \"${PODS_PODFILE_DIR_PATH}/Podfile.lock\" \"${PODS_ROOT}/Manifest.lock\" > /dev/null\nif [ $? != 0 ] ; then\n    # print error to STDERR\n    echo \"error: The sandbox is not in sync with the Podfile.lock. Run 'pod install' or update your CocoaPods installation.\" >&2\n    exit 1\nfi\n# This output is used by Xcode 'outputs' to avoid re-running this script phase.\necho \"SUCCESS\" > \"${SCRIPT_OUTPUT_FILE_0}\"\n";
			showEnvVarsInLog = 0;
		};
		D9F8341531E21D5E2F981537 /* [CP] Embed Pods Frameworks */ = {
			isa = PBXShellScriptBuildPhase;
			buildActionMask = 2147483647;
			files = (
			);
			inputFileListPaths = (
				"${PODS_ROOT}/Target Support Files/Pods-TheBeerProject/Pods-TheBeerProject-frameworks-${CONFIGURATION}-input-files.xcfilelist",
			);
			name = "[CP] Embed Pods Frameworks";
			outputFileListPaths = (
				"${PODS_ROOT}/Target Support Files/Pods-TheBeerProject/Pods-TheBeerProject-frameworks-${CONFIGURATION}-output-files.xcfilelist",
			);
			runOnlyForDeploymentPostprocessing = 0;
			shellPath = /bin/sh;
			shellScript = "\"${PODS_ROOT}/Target Support Files/Pods-TheBeerProject/Pods-TheBeerProject-frameworks.sh\"\n";
			showEnvVarsInLog = 0;
		};
		FA1FFBDC4A15007231123D50 /* [CP] Check Pods Manifest.lock */ = {
			isa = PBXShellScriptBuildPhase;
			buildActionMask = 2147483647;
			files = (
			);
			inputFileListPaths = (
			);
			inputPaths = (
				"${PODS_PODFILE_DIR_PATH}/Podfile.lock",
				"${PODS_ROOT}/Manifest.lock",
			);
			name = "[CP] Check Pods Manifest.lock";
			outputFileListPaths = (
			);
			outputPaths = (
				"$(DERIVED_FILE_DIR)/Pods-TheBeerProjectTests-checkManifestLockResult.txt",
			);
			runOnlyForDeploymentPostprocessing = 0;
			shellPath = /bin/sh;
			shellScript = "diff \"${PODS_PODFILE_DIR_PATH}/Podfile.lock\" \"${PODS_ROOT}/Manifest.lock\" > /dev/null\nif [ $? != 0 ] ; then\n    # print error to STDERR\n    echo \"error: The sandbox is not in sync with the Podfile.lock. Run 'pod install' or update your CocoaPods installation.\" >&2\n    exit 1\nfi\n# This output is used by Xcode 'outputs' to avoid re-running this script phase.\necho \"SUCCESS\" > \"${SCRIPT_OUTPUT_FILE_0}\"\n";
			showEnvVarsInLog = 0;
		};
/* End PBXShellScriptBuildPhase section */

/* Begin PBXSourcesBuildPhase section */
		30AB6900230BE45B00F6E442 /* Sources */ = {
			isa = PBXSourcesBuildPhase;
			buildActionMask = 2147483647;
			files = (
				30AB6936230BE4D800F6E442 /* NetworkManager.swift in Sources */,
				3006077A25C5E08F00887DF5 /* Beers.swift in Sources */,
				3006076A25C5DF8A00887DF5 /* Boil_volume.swift in Sources */,
				30AB690A230BE45B00F6E442 /* BeerListViewController.swift in Sources */,
				3006076B25C5DF8A00887DF5 /* Hops.swift in Sources */,
				30AB6952230BEF7F00F6E442 /* BeerTableViewCell.swift in Sources */,
				30AB6954230BEFAF00F6E442 /* BeerListPresenter.swift in Sources */,
				3006077125C5DF8A00887DF5 /* Volume.swift in Sources */,
				30AB694F230BE61900F6E442 /* API.swift in Sources */,
				3006076925C5DF8A00887DF5 /* Fermentation.swift in Sources */,
				3098BE2525C2A3B5001C1E7D /* BeerDetailAssembler.swift in Sources */,
				30AB6908230BE45B00F6E442 /* AppDelegate.swift in Sources */,
				3006076F25C5DF8A00887DF5 /* Malt.swift in Sources */,
				3006077025C5DF8A00887DF5 /* Method.swift in Sources */,
				30C21A63258EB10A00FC09A5 /* BeerDetailPresenter.swift in Sources */,
				3006076C25C5DF8A00887DF5 /* Temp.swift in Sources */,
				30AB695F230C17AF00F6E442 /* HeaderSectionViewController.swift in Sources */,
				30AB6956230BF9EE00F6E442 /* Utils.swift in Sources */,
				30C21A6D258F636A00FC09A5 /* HeaderCellPresenter.swift in Sources */,
				30AB695A230BFEF000F6E442 /* BeerDetailViewController.swift in Sources */,
				30AB6961230C1A6900F6E442 /* CategoryCollectionViewCell.swift in Sources */,
				300607CD25C6309A00887DF5 /* Beer.swift in Sources */,
				30C21A68258F61D800FC09A5 /* BeerListTableViewCellPresenterDelegate.swift in Sources */,
				3006076D25C5DF8A00887DF5 /* Mash_temp.swift in Sources */,
				30C21A54258CEC1400FC09A5 /* BeerRepo.swift in Sources */,
				3006076825C5DF8A00887DF5 /* Amount.swift in Sources */,
				30C219422588231500FC09A5 /* BeerDetailView.swift in Sources */,
				3098BE9725C2EFB9001C1E7D /* RepoContainer.swift in Sources */,
				3098BE2025C29E2C001C1E7D /* BeerListAssembler.swift in Sources */,
				3006077225C5DF8A00887DF5 /* Ingredients.swift in Sources */,
				30C2194B2589141B00FC09A5 /* MainNavigationViewController.swift in Sources */,
			);
			runOnlyForDeploymentPostprocessing = 0;
		};
		30AB6914230BE45D00F6E442 /* Sources */ = {
			isa = PBXSourcesBuildPhase;
			buildActionMask = 2147483647;
			files = (
				30AB691D230BE45D00F6E442 /* TheBeerProjectTests.swift in Sources */,
			);
			runOnlyForDeploymentPostprocessing = 0;
		};
		30AB691F230BE45D00F6E442 /* Sources */ = {
			isa = PBXSourcesBuildPhase;
			buildActionMask = 2147483647;
			files = (
				30AB6928230BE45D00F6E442 /* TheBeerProjectUITests.swift in Sources */,
			);
			runOnlyForDeploymentPostprocessing = 0;
		};
/* End PBXSourcesBuildPhase section */

/* Begin PBXTargetDependency section */
		30AB691A230BE45D00F6E442 /* PBXTargetDependency */ = {
			isa = PBXTargetDependency;
			target = 30AB6903230BE45B00F6E442 /* TheBeerProject */;
			targetProxy = 30AB6919230BE45D00F6E442 /* PBXContainerItemProxy */;
		};
		30AB6925230BE45D00F6E442 /* PBXTargetDependency */ = {
			isa = PBXTargetDependency;
			target = 30AB6903230BE45B00F6E442 /* TheBeerProject */;
			targetProxy = 30AB6924230BE45D00F6E442 /* PBXContainerItemProxy */;
		};
/* End PBXTargetDependency section */

/* Begin PBXVariantGroup section */
		30AB6910230BE45D00F6E442 /* LaunchScreen.storyboard */ = {
			isa = PBXVariantGroup;
			children = (
				30AB6911230BE45D00F6E442 /* Base */,
			);
			name = LaunchScreen.storyboard;
			sourceTree = "<group>";
		};
/* End PBXVariantGroup section */

/* Begin XCBuildConfiguration section */
		30AB692A230BE45D00F6E442 /* Debug */ = {
			isa = XCBuildConfiguration;
			buildSettings = {
				ALWAYS_SEARCH_USER_PATHS = NO;
				CLANG_ANALYZER_NONNULL = YES;
				CLANG_ANALYZER_NUMBER_OBJECT_CONVERSION = YES_AGGRESSIVE;
				CLANG_CXX_LANGUAGE_STANDARD = "gnu++14";
				CLANG_CXX_LIBRARY = "libc++";
				CLANG_ENABLE_MODULES = YES;
				CLANG_ENABLE_OBJC_ARC = YES;
				CLANG_ENABLE_OBJC_WEAK = YES;
				CLANG_WARN_BLOCK_CAPTURE_AUTORELEASING = YES;
				CLANG_WARN_BOOL_CONVERSION = YES;
				CLANG_WARN_COMMA = YES;
				CLANG_WARN_CONSTANT_CONVERSION = YES;
				CLANG_WARN_DEPRECATED_OBJC_IMPLEMENTATIONS = YES;
				CLANG_WARN_DIRECT_OBJC_ISA_USAGE = YES_ERROR;
				CLANG_WARN_DOCUMENTATION_COMMENTS = YES;
				CLANG_WARN_EMPTY_BODY = YES;
				CLANG_WARN_ENUM_CONVERSION = YES;
				CLANG_WARN_INFINITE_RECURSION = YES;
				CLANG_WARN_INT_CONVERSION = YES;
				CLANG_WARN_NON_LITERAL_NULL_CONVERSION = YES;
				CLANG_WARN_OBJC_IMPLICIT_RETAIN_SELF = YES;
				CLANG_WARN_OBJC_LITERAL_CONVERSION = YES;
				CLANG_WARN_OBJC_ROOT_CLASS = YES_ERROR;
				CLANG_WARN_RANGE_LOOP_ANALYSIS = YES;
				CLANG_WARN_STRICT_PROTOTYPES = YES;
				CLANG_WARN_SUSPICIOUS_MOVE = YES;
				CLANG_WARN_UNGUARDED_AVAILABILITY = YES_AGGRESSIVE;
				CLANG_WARN_UNREACHABLE_CODE = YES;
				CLANG_WARN__DUPLICATE_METHOD_MATCH = YES;
				CODE_SIGN_IDENTITY = "iPhone Developer";
				COPY_PHASE_STRIP = NO;
				DEBUG_INFORMATION_FORMAT = dwarf;
				ENABLE_STRICT_OBJC_MSGSEND = YES;
				ENABLE_TESTABILITY = YES;
				GCC_C_LANGUAGE_STANDARD = gnu11;
				GCC_DYNAMIC_NO_PIC = NO;
				GCC_NO_COMMON_BLOCKS = YES;
				GCC_OPTIMIZATION_LEVEL = 0;
				GCC_PREPROCESSOR_DEFINITIONS = (
					"DEBUG=1",
					"$(inherited)",
				);
				GCC_WARN_64_TO_32_BIT_CONVERSION = YES;
				GCC_WARN_ABOUT_RETURN_TYPE = YES_ERROR;
				GCC_WARN_UNDECLARED_SELECTOR = YES;
				GCC_WARN_UNINITIALIZED_AUTOS = YES_AGGRESSIVE;
				GCC_WARN_UNUSED_FUNCTION = YES;
				GCC_WARN_UNUSED_VARIABLE = YES;
				IPHONEOS_DEPLOYMENT_TARGET = 12.4;
				MTL_ENABLE_DEBUG_INFO = INCLUDE_SOURCE;
				MTL_FAST_MATH = YES;
				ONLY_ACTIVE_ARCH = YES;
				SDKROOT = iphoneos;
				SWIFT_ACTIVE_COMPILATION_CONDITIONS = DEBUG;
				SWIFT_OPTIMIZATION_LEVEL = "-Onone";
			};
			name = Debug;
		};
		30AB692B230BE45D00F6E442 /* Release */ = {
			isa = XCBuildConfiguration;
			buildSettings = {
				ALWAYS_SEARCH_USER_PATHS = NO;
				CLANG_ANALYZER_NONNULL = YES;
				CLANG_ANALYZER_NUMBER_OBJECT_CONVERSION = YES_AGGRESSIVE;
				CLANG_CXX_LANGUAGE_STANDARD = "gnu++14";
				CLANG_CXX_LIBRARY = "libc++";
				CLANG_ENABLE_MODULES = YES;
				CLANG_ENABLE_OBJC_ARC = YES;
				CLANG_ENABLE_OBJC_WEAK = YES;
				CLANG_WARN_BLOCK_CAPTURE_AUTORELEASING = YES;
				CLANG_WARN_BOOL_CONVERSION = YES;
				CLANG_WARN_COMMA = YES;
				CLANG_WARN_CONSTANT_CONVERSION = YES;
				CLANG_WARN_DEPRECATED_OBJC_IMPLEMENTATIONS = YES;
				CLANG_WARN_DIRECT_OBJC_ISA_USAGE = YES_ERROR;
				CLANG_WARN_DOCUMENTATION_COMMENTS = YES;
				CLANG_WARN_EMPTY_BODY = YES;
				CLANG_WARN_ENUM_CONVERSION = YES;
				CLANG_WARN_INFINITE_RECURSION = YES;
				CLANG_WARN_INT_CONVERSION = YES;
				CLANG_WARN_NON_LITERAL_NULL_CONVERSION = YES;
				CLANG_WARN_OBJC_IMPLICIT_RETAIN_SELF = YES;
				CLANG_WARN_OBJC_LITERAL_CONVERSION = YES;
				CLANG_WARN_OBJC_ROOT_CLASS = YES_ERROR;
				CLANG_WARN_RANGE_LOOP_ANALYSIS = YES;
				CLANG_WARN_STRICT_PROTOTYPES = YES;
				CLANG_WARN_SUSPICIOUS_MOVE = YES;
				CLANG_WARN_UNGUARDED_AVAILABILITY = YES_AGGRESSIVE;
				CLANG_WARN_UNREACHABLE_CODE = YES;
				CLANG_WARN__DUPLICATE_METHOD_MATCH = YES;
				CODE_SIGN_IDENTITY = "iPhone Developer";
				COPY_PHASE_STRIP = NO;
				DEBUG_INFORMATION_FORMAT = "dwarf-with-dsym";
				ENABLE_NS_ASSERTIONS = NO;
				ENABLE_STRICT_OBJC_MSGSEND = YES;
				GCC_C_LANGUAGE_STANDARD = gnu11;
				GCC_NO_COMMON_BLOCKS = YES;
				GCC_WARN_64_TO_32_BIT_CONVERSION = YES;
				GCC_WARN_ABOUT_RETURN_TYPE = YES_ERROR;
				GCC_WARN_UNDECLARED_SELECTOR = YES;
				GCC_WARN_UNINITIALIZED_AUTOS = YES_AGGRESSIVE;
				GCC_WARN_UNUSED_FUNCTION = YES;
				GCC_WARN_UNUSED_VARIABLE = YES;
				IPHONEOS_DEPLOYMENT_TARGET = 12.4;
				MTL_ENABLE_DEBUG_INFO = NO;
				MTL_FAST_MATH = YES;
				SDKROOT = iphoneos;
				SWIFT_COMPILATION_MODE = wholemodule;
				SWIFT_OPTIMIZATION_LEVEL = "-O";
				VALIDATE_PRODUCT = YES;
			};
			name = Release;
		};
		30AB692D230BE45D00F6E442 /* Debug */ = {
			isa = XCBuildConfiguration;
			baseConfigurationReference = 76EB40D3D8F8837279DD6042 /* Pods-TheBeerProject.debug.xcconfig */;
			buildSettings = {
				ASSETCATALOG_COMPILER_APPICON_NAME = AppIcon;
				CODE_SIGN_ENTITLEMENTS = TheBeerProject/TheBeerProject.entitlements;
				CODE_SIGN_STYLE = Automatic;
				DERIVE_MACCATALYST_PRODUCT_BUNDLE_IDENTIFIER = YES;
				DEVELOPMENT_TEAM = GF6WZHA9DX;
				INFOPLIST_FILE = TheBeerProject/Info.plist;
				LD_RUNPATH_SEARCH_PATHS = (
					"$(inherited)",
					"@executable_path/Frameworks",
				);
				PRODUCT_BUNDLE_IDENTIFIER = com.theBeerProject.ncg.TheBeerProject;
				PRODUCT_NAME = "$(TARGET_NAME)";
				SUPPORTS_MACCATALYST = YES;
				SWIFT_VERSION = 5.0;
				TARGETED_DEVICE_FAMILY = "1,2";
			};
			name = Debug;
		};
		30AB692E230BE45D00F6E442 /* Release */ = {
			isa = XCBuildConfiguration;
			baseConfigurationReference = CADCB2D2C097B9110DCC944C /* Pods-TheBeerProject.release.xcconfig */;
			buildSettings = {
				ASSETCATALOG_COMPILER_APPICON_NAME = AppIcon;
				CODE_SIGN_ENTITLEMENTS = TheBeerProject/TheBeerProject.entitlements;
				CODE_SIGN_STYLE = Automatic;
				DERIVE_MACCATALYST_PRODUCT_BUNDLE_IDENTIFIER = YES;
				DEVELOPMENT_TEAM = GF6WZHA9DX;
				INFOPLIST_FILE = TheBeerProject/Info.plist;
				LD_RUNPATH_SEARCH_PATHS = (
					"$(inherited)",
					"@executable_path/Frameworks",
				);
				PRODUCT_BUNDLE_IDENTIFIER = com.theBeerProject.ncg.TheBeerProject;
				PRODUCT_NAME = "$(TARGET_NAME)";
				SUPPORTS_MACCATALYST = YES;
				SWIFT_VERSION = 5.0;
				TARGETED_DEVICE_FAMILY = "1,2";
			};
			name = Release;
		};
		30AB6930230BE45D00F6E442 /* Debug */ = {
			isa = XCBuildConfiguration;
			baseConfigurationReference = 00D6352720D8D59FC15AF860 /* Pods-TheBeerProjectTests.debug.xcconfig */;
			buildSettings = {
				ALWAYS_EMBED_SWIFT_STANDARD_LIBRARIES = YES;
				BUNDLE_LOADER = "$(TEST_HOST)";
				CODE_SIGN_STYLE = Automatic;
				DEVELOPMENT_TEAM = GF6WZHA9DX;
				INFOPLIST_FILE = TheBeerProjectTests/Info.plist;
				LD_RUNPATH_SEARCH_PATHS = (
					"$(inherited)",
					"@executable_path/Frameworks",
					"@loader_path/Frameworks",
				);
				PRODUCT_BUNDLE_IDENTIFIER = com.theBeerProject.ncg.TheBeerProjectTests;
				PRODUCT_NAME = "$(TARGET_NAME)";
				SWIFT_VERSION = 5.0;
				TARGETED_DEVICE_FAMILY = "1,2";
				TEST_HOST = "$(BUILT_PRODUCTS_DIR)/TheBeerProject.app/TheBeerProject";
			};
			name = Debug;
		};
		30AB6931230BE45D00F6E442 /* Release */ = {
			isa = XCBuildConfiguration;
			baseConfigurationReference = 8DF63E2D0B2D04717B3214E1 /* Pods-TheBeerProjectTests.release.xcconfig */;
			buildSettings = {
				ALWAYS_EMBED_SWIFT_STANDARD_LIBRARIES = YES;
				BUNDLE_LOADER = "$(TEST_HOST)";
				CODE_SIGN_STYLE = Automatic;
				DEVELOPMENT_TEAM = GF6WZHA9DX;
				INFOPLIST_FILE = TheBeerProjectTests/Info.plist;
				LD_RUNPATH_SEARCH_PATHS = (
					"$(inherited)",
					"@executable_path/Frameworks",
					"@loader_path/Frameworks",
				);
				PRODUCT_BUNDLE_IDENTIFIER = com.theBeerProject.ncg.TheBeerProjectTests;
				PRODUCT_NAME = "$(TARGET_NAME)";
				SWIFT_VERSION = 5.0;
				TARGETED_DEVICE_FAMILY = "1,2";
				TEST_HOST = "$(BUILT_PRODUCTS_DIR)/TheBeerProject.app/TheBeerProject";
			};
			name = Release;
		};
		30AB6933230BE45D00F6E442 /* Debug */ = {
			isa = XCBuildConfiguration;
			baseConfigurationReference = 241AB1777460EF0C3505CB66 /* Pods-TheBeerProjectUITests.debug.xcconfig */;
			buildSettings = {
				ALWAYS_EMBED_SWIFT_STANDARD_LIBRARIES = YES;
				CODE_SIGN_STYLE = Automatic;
				DEVELOPMENT_TEAM = GF6WZHA9DX;
				INFOPLIST_FILE = TheBeerProjectUITests/Info.plist;
				LD_RUNPATH_SEARCH_PATHS = (
					"$(inherited)",
					"@executable_path/Frameworks",
					"@loader_path/Frameworks",
				);
				PRODUCT_BUNDLE_IDENTIFIER = com.theBeerProject.ncg.TheBeerProjectUITests;
				PRODUCT_NAME = "$(TARGET_NAME)";
				SWIFT_VERSION = 5.0;
				TARGETED_DEVICE_FAMILY = "1,2";
				TEST_TARGET_NAME = TheBeerProject;
			};
			name = Debug;
		};
		30AB6934230BE45D00F6E442 /* Release */ = {
			isa = XCBuildConfiguration;
			baseConfigurationReference = AFE1AFE405B74517A91F0BC4 /* Pods-TheBeerProjectUITests.release.xcconfig */;
			buildSettings = {
				ALWAYS_EMBED_SWIFT_STANDARD_LIBRARIES = YES;
				CODE_SIGN_STYLE = Automatic;
				DEVELOPMENT_TEAM = GF6WZHA9DX;
				INFOPLIST_FILE = TheBeerProjectUITests/Info.plist;
				LD_RUNPATH_SEARCH_PATHS = (
					"$(inherited)",
					"@executable_path/Frameworks",
					"@loader_path/Frameworks",
				);
				PRODUCT_BUNDLE_IDENTIFIER = com.theBeerProject.ncg.TheBeerProjectUITests;
				PRODUCT_NAME = "$(TARGET_NAME)";
				SWIFT_VERSION = 5.0;
				TARGETED_DEVICE_FAMILY = "1,2";
				TEST_TARGET_NAME = TheBeerProject;
			};
			name = Release;
		};
/* End XCBuildConfiguration section */

/* Begin XCConfigurationList section */
		30AB68FF230BE45B00F6E442 /* Build configuration list for PBXProject "TheBeerProject" */ = {
			isa = XCConfigurationList;
			buildConfigurations = (
				30AB692A230BE45D00F6E442 /* Debug */,
				30AB692B230BE45D00F6E442 /* Release */,
			);
			defaultConfigurationIsVisible = 0;
			defaultConfigurationName = Release;
		};
		30AB692C230BE45D00F6E442 /* Build configuration list for PBXNativeTarget "TheBeerProject" */ = {
			isa = XCConfigurationList;
			buildConfigurations = (
				30AB692D230BE45D00F6E442 /* Debug */,
				30AB692E230BE45D00F6E442 /* Release */,
			);
			defaultConfigurationIsVisible = 0;
			defaultConfigurationName = Release;
		};
		30AB692F230BE45D00F6E442 /* Build configuration list for PBXNativeTarget "TheBeerProjectTests" */ = {
			isa = XCConfigurationList;
			buildConfigurations = (
				30AB6930230BE45D00F6E442 /* Debug */,
				30AB6931230BE45D00F6E442 /* Release */,
			);
			defaultConfigurationIsVisible = 0;
			defaultConfigurationName = Release;
		};
		30AB6932230BE45D00F6E442 /* Build configuration list for PBXNativeTarget "TheBeerProjectUITests" */ = {
			isa = XCConfigurationList;
			buildConfigurations = (
				30AB6933230BE45D00F6E442 /* Debug */,
				30AB6934230BE45D00F6E442 /* Release */,
			);
			defaultConfigurationIsVisible = 0;
			defaultConfigurationName = Release;
		};
/* End XCConfigurationList section */
	};
	rootObject = 30AB68FC230BE45B00F6E442 /* Project object */;
}
